
Microsoft Visual Studio Solution File, Format Version 12.00
# Visual Studio Version 16
VisualStudioVersion = 16.0.29728.190
MinimumVisualStudioVersion = 10.0.40219.1
Project("{9A19103F-16F7-4668-BE54-9A1E7A4F7556}") = "friends", "friends.csproj", "{CF974955-C79F-4D40-8182-7133C55DD793}"
EndProject
Global
	GlobalSection(SolutionConfigurationPlatforms) = preSolution
		Debug|Any CPU = Debug|Any CPU
		Release|Any CPU = Release|Any CPU
	EndGlobalSection
	GlobalSection(ProjectConfigurationPlatforms) = postSolution
		{CF974955-C79F-4D40-8182-7133C55DD793}.Debug|Any CPU.ActiveCfg = Debug|Any CPU
		{CF974955-C79F-4D40-8182-7133C55DD793}.Debug|Any CPU.Build.0 = Debug|Any CPU
		{CF974955-C79F-4D40-8182-7133C55DD793}.Release|Any CPU.ActiveCfg = Release|Any CPU
		{CF974955-C79F-4D40-8182-7133C55DD793}.Release|Any CPU.Build.0 = Release|Any CPU
	EndGlobalSection
	GlobalSection(SolutionProperties) = preSolution
		HideSolutionNode = FALSE
	EndGlobalSection
	GlobalSection(ExtensibilityGlobals) = postSolution
		SolutionGuid = {D54FFD9E-1AA0-423B-9D8A-3840B504895A}
	EndGlobalSection
EndGlobal
