
Microsoft Visual Studio Solution File, Format Version 12.00
# Visual Studio Version 16
VisualStudioVersion = 16.0.29728.190
MinimumVisualStudioVersion = 10.0.40219.1
Project("{9A19103F-16F7-4668-BE54-9A1E7A4F7556}") = "WPF_Resources", "HelloWPF\WPF_Resources.csproj", "{B688C83B-202A-430D-9CF0-61FF5015C45E}"
EndProject
Project("{FAE04EC0-301F-11D3-BF4B-00C04F79EFBC}") = "WPF_Exceptions", "WpfApp1\WPF_Exceptions.csproj", "{C148A82B-1F00-49A9-B78F-67111160D742}"
EndProject
Global
	GlobalSection(SolutionConfigurationPlatforms) = preSolution
		Debug|Any CPU = Debug|Any CPU
		Release|Any CPU = Release|Any CPU
	EndGlobalSection
	GlobalSection(ProjectConfigurationPlatforms) = postSolution
		{B688C83B-202A-430D-9CF0-61FF5015C45E}.Debug|Any CPU.ActiveCfg = Debug|Any CPU
		{B688C83B-202A-430D-9CF0-61FF5015C45E}.Debug|Any CPU.Build.0 = Debug|Any CPU
		{B688C83B-202A-430D-9CF0-61FF5015C45E}.Release|Any CPU.ActiveCfg = Release|Any CPU
		{B688C83B-202A-430D-9CF0-61FF5015C45E}.Release|Any CPU.Build.0 = Release|Any CPU
		{C148A82B-1F00-49A9-B78F-67111160D742}.Debug|Any CPU.ActiveCfg = Debug|Any CPU
		{C148A82B-1F00-49A9-B78F-67111160D742}.Debug|Any CPU.Build.0 = Debug|Any CPU
		{C148A82B-1F00-49A9-B78F-67111160D742}.Release|Any CPU.ActiveCfg = Release|Any CPU
		{C148A82B-1F00-49A9-B78F-67111160D742}.Release|Any CPU.Build.0 = Release|Any CPU
	EndGlobalSection
	GlobalSection(SolutionProperties) = preSolution
		HideSolutionNode = FALSE
	EndGlobalSection
	GlobalSection(ExtensibilityGlobals) = postSolution
		SolutionGuid = {0AF079D1-8ED7-401C-BDB5-A6F885A30B3B}
	EndGlobalSection
EndGlobal
