
Microsoft Visual Studio Solution File, Format Version 12.00
# Visual Studio Version 16
VisualStudioVersion = 16.0.29728.190
MinimumVisualStudioVersion = 10.0.40219.1
Project("{FAE04EC0-301F-11D3-BF4B-00C04F79EFBC}") = "Form_WPF", "Form_WPF\Form_WPF.csproj", "{DE6F124F-6B3F-4F20-8C86-2997D613EBDF}"
EndProject
Global
	GlobalSection(SolutionConfigurationPlatforms) = preSolution
		Debug|Any CPU = Debug|Any CPU
		Release|Any CPU = Release|Any CPU
	EndGlobalSection
	GlobalSection(ProjectConfigurationPlatforms) = postSolution
		{DE6F124F-6B3F-4F20-8C86-2997D613EBDF}.Debug|Any CPU.ActiveCfg = Debug|Any CPU
		{DE6F124F-6B3F-4F20-8C86-2997D613EBDF}.Debug|Any CPU.Build.0 = Debug|Any CPU
		{DE6F124F-6B3F-4F20-8C86-2997D613EBDF}.Release|Any CPU.ActiveCfg = Release|Any CPU
		{DE6F124F-6B3F-4F20-8C86-2997D613EBDF}.Release|Any CPU.Build.0 = Release|Any CPU
	EndGlobalSection
	GlobalSection(SolutionProperties) = preSolution
		HideSolutionNode = FALSE
	EndGlobalSection
	GlobalSection(ExtensibilityGlobals) = postSolution
		SolutionGuid = {50C6B6B8-CEA4-4A46-9F06-D20A5F4A2290}
	EndGlobalSection
EndGlobal
