
Microsoft Visual Studio Solution File, Format Version 12.00
# Visual Studio Version 16
VisualStudioVersion = 16.0.29728.190
MinimumVisualStudioVersion = 10.0.40219.1
Project("{FAE04EC0-301F-11D3-BF4B-00C04F79EFBC}") = "Friends_linq", "Friends_linq\Friends_linq.csproj", "{D41604C5-81F6-44DB-913D-CF0B52CC3956}"
EndProject
Global
	GlobalSection(SolutionConfigurationPlatforms) = preSolution
		Debug|Any CPU = Debug|Any CPU
		Release|Any CPU = Release|Any CPU
	EndGlobalSection
	GlobalSection(ProjectConfigurationPlatforms) = postSolution
		{D41604C5-81F6-44DB-913D-CF0B52CC3956}.Debug|Any CPU.ActiveCfg = Debug|Any CPU
		{D41604C5-81F6-44DB-913D-CF0B52CC3956}.Debug|Any CPU.Build.0 = Debug|Any CPU
		{D41604C5-81F6-44DB-913D-CF0B52CC3956}.Release|Any CPU.ActiveCfg = Release|Any CPU
		{D41604C5-81F6-44DB-913D-CF0B52CC3956}.Release|Any CPU.Build.0 = Release|Any CPU
	EndGlobalSection
	GlobalSection(SolutionProperties) = preSolution
		HideSolutionNode = FALSE
	EndGlobalSection
	GlobalSection(ExtensibilityGlobals) = postSolution
		SolutionGuid = {065C2602-80E4-4D47-A112-762F606FBEE0}
	EndGlobalSection
EndGlobal
