
Microsoft Visual Studio Solution File, Format Version 12.00
# Visual Studio Version 16
VisualStudioVersion = 16.0.29728.190
MinimumVisualStudioVersion = 10.0.40219.1
Project("{FAE04EC0-301F-11D3-BF4B-00C04F79EFBC}") = "TDD.xUnit.net.Client", "TDD.xUnit.net.Client\TDD.xUnit.net.Client.csproj", "{5026C5ED-DFFB-4659-B52D-F7A56F39E431}"
EndProject
Project("{FAE04EC0-301F-11D3-BF4B-00C04F79EFBC}") = "Calculator", "Calculator\Calculator.csproj", "{C2FE4B7C-0D21-41B0-9EDB-005E8AFA7F42}"
EndProject
Global
	GlobalSection(SolutionConfigurationPlatforms) = preSolution
		Debug|Any CPU = Debug|Any CPU
		Release|Any CPU = Release|Any CPU
	EndGlobalSection
	GlobalSection(ProjectConfigurationPlatforms) = postSolution
		{5026C5ED-DFFB-4659-B52D-F7A56F39E431}.Debug|Any CPU.ActiveCfg = Debug|Any CPU
		{5026C5ED-DFFB-4659-B52D-F7A56F39E431}.Debug|Any CPU.Build.0 = Debug|Any CPU
		{5026C5ED-DFFB-4659-B52D-F7A56F39E431}.Release|Any CPU.ActiveCfg = Release|Any CPU
		{5026C5ED-DFFB-4659-B52D-F7A56F39E431}.Release|Any CPU.Build.0 = Release|Any CPU
		{C2FE4B7C-0D21-41B0-9EDB-005E8AFA7F42}.Debug|Any CPU.ActiveCfg = Debug|Any CPU
		{C2FE4B7C-0D21-41B0-9EDB-005E8AFA7F42}.Debug|Any CPU.Build.0 = Debug|Any CPU
		{C2FE4B7C-0D21-41B0-9EDB-005E8AFA7F42}.Release|Any CPU.ActiveCfg = Release|Any CPU
		{C2FE4B7C-0D21-41B0-9EDB-005E8AFA7F42}.Release|Any CPU.Build.0 = Release|Any CPU
	EndGlobalSection
	GlobalSection(SolutionProperties) = preSolution
		HideSolutionNode = FALSE
	EndGlobalSection
	GlobalSection(ExtensibilityGlobals) = postSolution
		SolutionGuid = {81FE9336-A729-40B6-A2D3-3755E10611C8}
	EndGlobalSection
EndGlobal
